{
  "nodes": {
    "nixpkgs": {
      "locked": {
        "lastModified": 1689518906,
        "narHash": "sha256-rNLHuw1YC0vyr/zkI88vrcuyCWCiW2D45ohF9vIlDHs=",
        "owner": "NixOS",
        "repo": "nixpkgs",
        "rev": "925cfb87a3353c5dec4a9435fbb8ea7b9a9b10c9",
        "type": "github"
      },
      "original": {
        "owner": "NixOS",
        "repo": "nixpkgs",
        "rev": "925cfb87a3353c5dec4a9435fbb8ea7b9a9b10c9",
        "type": "github"
      }
    },
    "root": {
      "inputs": {
        "nixpkgs": "nixpkgs"
      }
    }
  },
  "root": "root",
  "version": 7
}
